
Microsoft Visual Studio Solution File, Format Version 12.00
# Visual Studio Version 16
VisualStudioVersion = 16.0.29613.14
MinimumVisualStudioVersion = 10.0.40219.1
Project("{9092AA53-FB77-4645-B42D-1CCCA6BD08BD}") = "Compiler", "Compiler\Compiler.njsproj", "{4A526D1D-9CD8-48B0-B5ED-04A429E920FD}"
EndProject
Global
	GlobalSection(SolutionConfigurationPlatforms) = preSolution
		Debug|Any CPU = Debug|Any CPU
		Release|Any CPU = Release|Any CPU
	EndGlobalSection
	GlobalSection(ProjectConfigurationPlatforms) = postSolution
		{4A526D1D-9CD8-48B0-B5ED-04A429E920FD}.Debug|Any CPU.ActiveCfg = Debug|Any CPU
		{4A526D1D-9CD8-48B0-B5ED-04A429E920FD}.Debug|Any CPU.Build.0 = Debug|Any CPU
		{4A526D1D-9CD8-48B0-B5ED-04A429E920FD}.Release|Any CPU.ActiveCfg = Release|Any CPU
		{4A526D1D-9CD8-48B0-B5ED-04A429E920FD}.Release|Any CPU.Build.0 = Release|Any CPU
	EndGlobalSection
	GlobalSection(SolutionProperties) = preSolution
		HideSolutionNode = FALSE
	EndGlobalSection
	GlobalSection(ExtensibilityGlobals) = postSolution
		SolutionGuid = {BCB10C85-470D-4E74-B6B1-05039DCCBEDC}
	EndGlobalSection
EndGlobal
